github.com/SermoDigital/jose v0.0.0-20161205224733-f6df55f235c2 h1:vaAJk17N8B8JfRDUhK1vSw3L/TAz8w65M3/RMeNusRE=
github.com/SermoDigital/jose v0.0.0-20161205224733-f6df55f235c2/go.mod h1:ARgCUhI1MHQH+ONky/PAtmVHQrP5JlGY0F3poXOp/fA=
github.com/anacrolix/envpprof v0.0.0-20180404065416-323002cec2fa h1:xCaATLKmn39QqLs3tUZYr6eKvezJV+FYvVOLTklxK6U=
github.com/anacrolix/envpprof v0.0.0-20180404065416-323002cec2fa/go.mod h1:KgHhUaQMc8cC0+cEflSgCFNFbKwi5h54gqtVn8yhP7c=
github.com/anacrolix/missinggo v0.0.0-20180204081111-173db517b5f8 h1:NWSwT7sVlsB5cD9R93Ytqfz53iKL6c4Z32t1Hodd8YM=
github.com/anacrolix/missinggo v0.0.0-20180204081111-173db517b5f8/go.mod h1:b0p+7cn+rWMIphK1gDH2hrDuwGOcbB6V4VXeSsEfHVk=
github.com/anacrolix/torrent v0.0.0-20180203044403-64d13d86a6ba h1:W523S0qkPDq/aLpVJabuKtGQNOO1SXXnEnuwoAMB8QE=
github.com/anacrolix/torrent v0.0.0-20180203044403-64d13d86a6ba/go.mod h1:w+zWzagAI9Qm0NmBHLL1p2WK0TuqZt0J/j6EdOUkLEs=
github.com/beorn7/perks v0.0.0-20160804104726-4c0e84591b9a h1:BtpsbiV638WQZwhA98cEZw2BsbnQJrbd0BI7tsy0W1c=
github.com/beorn7/perks v0.0.0-20160804104726-4c0e84591b9a/go.mod h1:Dwedo/Wpr24TaqPxmxbtue+5NUziq4I4S80YR8gNf3Q=
github.com/bradfitz/iter v0.0.0-20140124041915-454541ec3da2 h1:1B/+1BcRhOMG1KH/YhNIU8OppSWk5d/NGyfRla88CuY=
github.com/bradfitz/iter v0.0.0-20140124041915-454541ec3da2/go.mod h1:PyRFw1Lt2wKX4ZVSQ2mk+PeDa1rxyObEDlApuIsUKuo=
github.com/davecgh/go-spew v1.1.0 h1:ZDRjVQ15GmhC3fiQ8ni8+OwkZQO4DARzQgrnXU1Liz8=
github.com/davecgh/go-spew v1.1.0/go.mod h1:J7Y8YcW2NihsgmVo/mv3lAwl/skON4iLHjSsI+c5H38=
github.com/fsnotify/fsnotify v1.4.7 h1:IXs+QLmnXW2CcXuY+8Mzv/fWEsPGWxqefPtCP5CnV9I=
github.com/fsnotify/fsnotify v1.4.7/go.mod h1:jwhsz4b93w/PPRr/qN1Yymfu8t87LnFCMoQvtojpjFo=
github.com/golang/protobuf v0.0.0-20171113180720-1e59b77b52bf h1:pFr/u+m8QUBMW/itAczltF3guNRAL7XDs5tD3f6nSD0=
github.com/golang/protobuf v0.0.0-20171113180720-1e59b77b52bf/go.mod h1:6lQm79b+lXiMfvg/cZm0SGofjICqVBUtrP5yJMmIC1U=
github.com/hpcloud/tail v1.0.0 h1:nfCOvKYfkgYP8hkirhJocXT2+zOD8yUNjXaWfTlyFKI=
github.com/hpcloud/tail v1.0.0/go.mod h1:ab1qPbhIpdTxEkNHXyeSf5vhxWSCs/tWer42PpOxQnU=
github.com/inconshreveable/mousetrap v1.0.0 h1:Z8tu5sraLXCXIcARxBp/8cbvlwVa7Z1NHg9XEKhtSvM=
github.com/inconshreveable/mousetrap v1.0.0/go.mod h1:PxqpIevigyE2G7u3NXJIT2ANytuPF1OarO4DADm73n8=
github.com/julienschmidt/httprouter v0.0.0-20150421170007-8c199fb6259f/go.mod h1:SYymIcj16QtmaHHD7aYtjjsJG7VTCxuUUipMqKk8s4w=
github.com/kr/pretty v0.1.0 h1:L/CwN0zerZDmRFUapSPitk6f+Q3+0za1rQkzVuMiMFI=
github.com/kr/pretty v0.1.0/go.mod h1:dAy3ld7l9f0ibDNOQOHHMYYIIbhfbHSm3C4ZsoJORNo=
github.com/kr/pty v1.1.1/go.mod h1:pFQYn66WHrOpPYNljwOMqo10TkYh1fy3cYio2l3bCsQ=
github.com/kr/text v0.1.0 h1:45sCR5RtlFHMR4UwH9sdQ5TC8v0qDQCHnXt+kaKSTVE=
github.com/kr/text v0.1.0/go.mod h1:4Jbv+DJW3UT/LiOwJeYQe1efqtUx/iVham/4vfdArNI=
github.com/matttproud/golang_protobuf_extensions v1.0.0 h1:YNOwxxSJzSUARoD9KRZLzM9Y858MNGCOACTvCW9TSAc=
github.com/matttproud/golang_protobuf_extensions v1.0.0/go.mod h1:D8He9yQNgCq6Z5Ld7szi9bcBfOoFv/3dc6xSMkL2PC0=
github.com/mendsley/gojwk v0.0.0-20141217222730-4d5ec6e58103 h1:Z/i1e+gTZrmcGeZyWckaLfucYG6KYOXLWo4co8pZYNY=
github.com/mendsley/gojwk v0.0.0-20141217222730-4d5ec6e58103/go.mod h1:o9YPB5aGP8ob35Vy6+vyq3P3bWe7NQWzf+JLiXCiMaE=
github.com/minio/sha256-simd v0.0.0-20171213220625-ad98a36ba0da h1:tazA5y1hWYJO8VSYbU36yBhXeIvruLXMUKu6WBtcJck=
github.com/minio/sha256-simd v0.0.0-20171213220625-ad98a36ba0da/go.mod h1:2FMWW+8GMoPweT6+pI63m9YE3Lmw4J71hV56Chs1E/U=
github.com/onsi/ginkgo v1.6.0 h1:Ix8l273rp3QzYgXSR+c8d1fTG7UPgYkOSELPhiY/YGw=
github.com/onsi/ginkgo v1.6.0/go.mod h1:lLunBs/Ym6LB5Z9jYTR76FiuTmxDTDusOGeTQH+WWjE=
github.com/onsi/gomega v1.4.1 h1:PZSj/UFNaVp3KxrzHOcS7oyuWA7LoOY/77yCTEFu21U=
github.com/onsi/gomega v1.4.1/go.mod h1:C1qb7wdrVGGVU+Z6iS04AVkA3Q65CEZX59MT0QO5uiA=
github.com/pkg/errors v0.0.0-20180127015812-30136e27e2ac h1:VBnETtEnERI/n2qzYv96JVEYp+sbD0O+n1mXRyXSsxM=
github.com/pkg/errors v0.0.0-20180127015812-30136e27e2ac/go.mod h1:bwawxfHBFNV+L2hUp1rHADufV3IMtnDRdf1r5NINEl0=
github.com/pmezard/go-difflib v1.0.0 h1:4DBwDE0NGyQoBHbLQYPwSUPoCMWR5BEzIk/f1lZbAQM=
github.com/pmezard/go-difflib v1.0.0/go.mod h1:iKH77koFhYxTK1pcRnkKkqfTogsbg7gZNVY4sRDYZ/4=
github.com/prometheus/client_golang v0.8.0 h1:1921Yw9Gc3iSc4VQh3PIoOqgPCZS7G/4xQNVUp8Mda8=
github.com/prometheus/client_golang v0.8.0/go.mod h1:7SWBe2y4D6OKWSNQJUaRYU/AaXPKyh/dDVn+NZz0KFw=
github.com/prometheus/client_model v0.0.0-20171117100541-99fa1f4be8e5 h1:cLL6NowurKLMfCeQy4tIeph12XNQWgANCNvdyrOYKV4=
github.com/prometheus/client_model v0.0.0-20171117100541-99fa1f4be8e5/go.mod h1:MbSGuTsp3dbXC40dX6PRTWyKYBIrTGTE9sqQNg2J8bo=
github.com/prometheus/common v0.0.0-20171117163051-2e54d0b93cba h1:/MUKoJbk4oXV3uxkpfHVkmVfL+wzWW6dttaW26s07Gg=
github.com/prometheus/common v0.0.0-20171117163051-2e54d0b93cba/go.mod h1:daVV7qP5qjZbuso7PdcryaAu0sAZbrN9i7WWcTMWvro=
github.com/prometheus/procfs v0.0.0-20171221151313-8f918ac9ab4b h1:AJXOm6O3OjmK7cm8PNAuCws9IegyRMKUjGibPigddgc=
github.com/prometheus/procfs v0.0.0-20171221151313-8f918ac9ab4b/go.mod h1:c3At6R/oaqEKCNdg8wHV1ftS6bRYblBhIjjI8uT2IGk=
github.com/sirupsen/logrus v1.0.4 h1:gzbtLsZC3Ic5PptoRG+kQj4L60qjK7H7XszrU163JNQ=
github.com/sirupsen/logrus v1.0.4/go.mod h1:pMByvHTf9Beacp5x1UXfOR9xyW/9antXMhjMPG0dEzc=
github.com/spf13/cobra v0.0.1 h1:zZh3X5aZbdnoj+4XkaBxKfhO4ot82icYdhhREIAXIj8=
github.com/spf13/cobra v0.0.1/go.mod h1:1l0Ry5zgKvJasoi3XT1TypsSe7PqH0Sj9dhYf7v3XqQ=
github.com/spf13/pflag v1.0.0 h1:oaPbdDe/x0UncahuwiPxW1GYJyilRAdsPnq3e1yaPcI=
github.com/spf13/pflag v1.0.0/go.mod h1:DYY7MBk1bdzusC3SYhjObp+wFpr4gzcvqqNjLnInEg4=
github.com/stretchr/testify v1.1.4 h1:ToftOQTytwshuOSj6bDSolVUa3GINfJP/fg3OkkOzQQ=
github.com/stretchr/testify v1.1.4/go.mod h1:a8OnRcib4nhh0OaRAV+Yts87kKdq0PP7pXfy6kDkUVs=
golang.org/x/crypto v0.0.0-20171219041129-d585fd2cc919 h1:qFAJ1NcSrOkLdaMbN6OmWeqHdp0aFZy7uWOdL/5ddnU=
golang.org/x/crypto v0.0.0-20171219041129-d585fd2cc919/go.mod h1:6SG95UA2DQfeDnfUPMdvaQW0Q7yPrPDi9nlGo2tz2b4=
golang.org/x/net v0.0.0-20180811021610-c39426892332 h1:efGso+ep0DjyCBJPjvoz0HI6UldX4Md2F1rZFe1ir0E=
golang.org/x/net v0.0.0-20180811021610-c39426892332/go.mod h1:mL1N/T3taQHkDXs73rZJwtUhF3w3ftmwwsq0BUmARs4=
golang.org/x/sync v0.0.0-20180314180146-1d60e4601c6f/go.mod h1:RxMgew5VJxzue5/jJTE5uejpjVlOe/izrB70Jof72aM=
golang.org/x/sys v0.0.0-20171222143536-83801418e1b5 h1:2k9P7RP0OBdZAif5o4fN+SddnLEnUa2d8nHJnE45SOE=
golang.org/x/sys v0.0.0-20171222143536-83801418e1b5/go.mod h1:STP8DvDyc/dI5b8T5hshtkjS+E42TnysNCUPdjciGhY=
golang.org/x/text v0.3.0/go.mod h1:NqM8EUOU14njkJ3fqMW+pc6Ldnwhi/IjpwHt7yyuwOQ=
gopkg.in/airbrake/gobrake.v2 v2.0.9 h1:7z2uVWwn7oVeeugY1DtlPAy5H+KYgB1KeKTnqjNatLo=
gopkg.in/airbrake/gobrake.v2 v2.0.9/go.mod h1:/h5ZAUhDkGaJfjzjKLSjv6zCL6O0LLBxU4K+aSYdM/U=
gopkg.in/check.v1 v1.0.0-20180628173108-788fd7840127 h1:qIbj1fsPNlZgppZ+VLlY7N33q108Sa+fhmuc+sWQYwY=
gopkg.in/check.v1 v1.0.0-20180628173108-788fd7840127/go.mod h1:Co6ibVJAznAaIkqp8huTwlJQCZ016jof/cbN4VW5Yz0=
gopkg.in/fsnotify.v1 v1.4.7 h1:xOHLXZwVvI9hhs+cLKq5+I5onOuwQLhQwiu63xxlHs4=
gopkg.in/fsnotify.v1 v1.4.7/go.mod h1:Tz8NjZHkW78fSQdbUxIjBTcgA1z1m8ZHf0WmKUhAMys=
gopkg.in/gemnasium/logrus-airbrake-hook.v2 v2.1.2 h1:OAj3g0cR6Dx/R07QgQe8wkA9RNjB2u4i700xBkIT4e0=
gopkg.in/gemnasium/logrus-airbrake-hook.v2 v2.1.2/go.mod h1:Xk6kEKp8OKb+X14hQBKWaSkCsqBpgog8nAV2xsGOxlo=
gopkg.in/tomb.v1 v1.0.0-20141024135613-dd632973f1e7 h1:uRGJdciOHaEIrze2W8Q3AKkepLTh2hOroT7a+7czfdQ=
gopkg.in/tomb.v1 v1.0.0-20141024135613-dd632973f1e7/go.mod h1:dt/ZhP58zS4L8KSrWDmTeBkI65Dw0HsyUHuEVlX15mw=
gopkg.in/yaml.v2 v2.0.0-20171116090243-287cf08546ab h1:yZ6iByf7GKeJ3gsd1Dr/xaj1DyJ//wxKX1Cdh8LhoAw=
gopkg.in/yaml.v2 v2.0.0-20171116090243-287cf08546ab/go.mod h1:JAlM8MvJe8wmxCU4Bli9HhUf9+ttbYbLASfIpnQbh74=
